
Microsoft Visual Studio Solution File, Format Version 12.00
# Visual Studio Version 17
VisualStudioVersion = 17.2.32616.157
MinimumVisualStudioVersion = 10.0.40219.1
Project("{8BC9CEB8-8B4A-11D0-8D11-00A0C91BC942}") = "PE2Header", "PE2Header\PE2Header.vcxproj", "{F14AD3B4-5730-4F78-90E4-4BFB03536619}"
EndProject
Global
	GlobalSection(SolutionConfigurationPlatforms) = preSolution
		Debug|x64 = Debug|x64
		Debug|x86 = Debug|x86
		Release|x64 = Release|x64
		Release|x86 = Release|x86
	EndGlobalSection
	GlobalSection(ProjectConfigurationPlatforms) = postSolution
		{F14AD3B4-5730-4F78-90E4-4BFB03536619}.Debug|x64.ActiveCfg = Debug|x64
		{F14AD3B4-5730-4F78-90E4-4BFB03536619}.Debug|x64.Build.0 = Debug|x64
		{F14AD3B4-5730-4F78-90E4-4BFB03536619}.Debug|x86.ActiveCfg = Debug|Win32
		{F14AD3B4-5730-4F78-90E4-4BFB03536619}.Debug|x86.Build.0 = Debug|Win32
		{F14AD3B4-5730-4F78-90E4-4BFB03536619}.Release|x64.ActiveCfg = Release|x64
		{F14AD3B4-5730-4F78-90E4-4BFB03536619}.Release|x64.Build.0 = Release|x64
		{F14AD3B4-5730-4F78-90E4-4BFB03536619}.Release|x86.ActiveCfg = Release|Win32
		{F14AD3B4-5730-4F78-90E4-4BFB03536619}.Release|x86.Build.0 = Release|Win32
	EndGlobalSection
	GlobalSection(SolutionProperties) = preSolution
		HideSolutionNode = FALSE
	EndGlobalSection
	GlobalSection(ExtensibilityGlobals) = postSolution
		SolutionGuid = {01D948D9-DEE8-4B6A-A9C7-6DD4C3D5130A}
	EndGlobalSection
EndGlobal
